
Microsoft Visual Studio Solution File, Format Version 12.00
# Visual Studio Version 16
VisualStudioVersion = 16.0.31911.196
MinimumVisualStudioVersion = 10.0.40219.1
Project("{FAE04EC0-301F-11D3-BF4B-00C04F79EFBC}") = "student", "student\student.csproj", "{4767CF8E-28A6-411A-A8D6-2D97072994D3}"
EndProject
Global
	GlobalSection(SolutionConfigurationPlatforms) = preSolution
		Debug|Any CPU = Debug|Any CPU
		Release|Any CPU = Release|Any CPU
	EndGlobalSection
	GlobalSection(ProjectConfigurationPlatforms) = postSolution
		{4767CF8E-28A6-411A-A8D6-2D97072994D3}.Debug|Any CPU.ActiveCfg = Debug|Any CPU
		{4767CF8E-28A6-411A-A8D6-2D97072994D3}.Debug|Any CPU.Build.0 = Debug|Any CPU
		{4767CF8E-28A6-411A-A8D6-2D97072994D3}.Release|Any CPU.ActiveCfg = Release|Any CPU
		{4767CF8E-28A6-411A-A8D6-2D97072994D3}.Release|Any CPU.Build.0 = Release|Any CPU
	EndGlobalSection
	GlobalSection(SolutionProperties) = preSolution
		HideSolutionNode = FALSE
	EndGlobalSection
	GlobalSection(ExtensibilityGlobals) = postSolution
		SolutionGuid = {98C05319-B575-44F6-8926-F243F3C5BD70}
	EndGlobalSection
EndGlobal
